
Microsoft Visual Studio Solution File, Format Version 12.00
# Visual Studio 2013
VisualStudioVersion = 12.0.21005.1
MinimumVisualStudioVersion = 10.0.40219.1
Project("{FAE04EC0-301F-11D3-BF4B-00C04F79EFBC}") = "FLS", "..\FLS\FLS.csproj", "{008088EC-5365-4EBD-BC54-97FC0BB4876C}"
EndProject
Project("{FAE04EC0-301F-11D3-BF4B-00C04F79EFBC}") = "FLS.Tests", "..\FLS.Tests\FLS.Tests.csproj", "{B0B30274-DFD1-49B9-8E9E-EC04B3D7C6E3}"
EndProject
Global
	GlobalSection(SolutionConfigurationPlatforms) = preSolution
		Debug|Any CPU = Debug|Any CPU
		Release|Any CPU = Release|Any CPU
	EndGlobalSection
	GlobalSection(ProjectConfigurationPlatforms) = postSolution
		{008088EC-5365-4EBD-BC54-97FC0BB4876C}.Debug|Any CPU.ActiveCfg = Debug|Any CPU
		{008088EC-5365-4EBD-BC54-97FC0BB4876C}.Debug|Any CPU.Build.0 = Debug|Any CPU
		{008088EC-5365-4EBD-BC54-97FC0BB4876C}.Release|Any CPU.ActiveCfg = Release|Any CPU
		{008088EC-5365-4EBD-BC54-97FC0BB4876C}.Release|Any CPU.Build.0 = Release|Any CPU
		{B0B30274-DFD1-49B9-8E9E-EC04B3D7C6E3}.Debug|Any CPU.ActiveCfg = Debug|Any CPU
		{B0B30274-DFD1-49B9-8E9E-EC04B3D7C6E3}.Debug|Any CPU.Build.0 = Debug|Any CPU
		{B0B30274-DFD1-49B9-8E9E-EC04B3D7C6E3}.Release|Any CPU.ActiveCfg = Release|Any CPU
		{B0B30274-DFD1-49B9-8E9E-EC04B3D7C6E3}.Release|Any CPU.Build.0 = Release|Any CPU
	EndGlobalSection
	GlobalSection(SolutionProperties) = preSolution
		HideSolutionNode = FALSE
	EndGlobalSection
EndGlobal
